
Microsoft Visual Studio Solution File, Format Version 12.00
# Visual Studio 15
VisualStudioVersion = 15.0.28307.421
MinimumVisualStudioVersion = 10.0.40219.1
Project("{8BC9CEB8-8B4A-11D0-8D11-00A0C91BC942}") = "Solutions", "Solutions\Solutions.vcxproj", "{30959A0D-3843-44AB-B9F2-AB0DB117B7B4}"
EndProject
Project("{8BC9CEB8-8B4A-11D0-8D11-00A0C91BC942}") = "UnsolvedTasks", "UnsolvedTasks\UnsolvedTasks.vcxproj", "{E700C3D9-57C8-48DB-8BE8-C0BC004486B2}"
EndProject
Global
	GlobalSection(SolutionConfigurationPlatforms) = preSolution
		Debug|x64 = Debug|x64
		Debug|x86 = Debug|x86
		Release|x64 = Release|x64
		Release|x86 = Release|x86
	EndGlobalSection
	GlobalSection(ProjectConfigurationPlatforms) = postSolution
		{30959A0D-3843-44AB-B9F2-AB0DB117B7B4}.Debug|x64.ActiveCfg = Debug|x64
		{30959A0D-3843-44AB-B9F2-AB0DB117B7B4}.Debug|x64.Build.0 = Debug|x64
		{30959A0D-3843-44AB-B9F2-AB0DB117B7B4}.Debug|x86.ActiveCfg = Debug|Win32
		{30959A0D-3843-44AB-B9F2-AB0DB117B7B4}.Debug|x86.Build.0 = Debug|Win32
		{30959A0D-3843-44AB-B9F2-AB0DB117B7B4}.Release|x64.ActiveCfg = Release|x64
		{30959A0D-3843-44AB-B9F2-AB0DB117B7B4}.Release|x64.Build.0 = Release|x64
		{30959A0D-3843-44AB-B9F2-AB0DB117B7B4}.Release|x86.ActiveCfg = Release|Win32
		{30959A0D-3843-44AB-B9F2-AB0DB117B7B4}.Release|x86.Build.0 = Release|Win32
		{E700C3D9-57C8-48DB-8BE8-C0BC004486B2}.Debug|x64.ActiveCfg = Debug|x64
		{E700C3D9-57C8-48DB-8BE8-C0BC004486B2}.Debug|x64.Build.0 = Debug|x64
		{E700C3D9-57C8-48DB-8BE8-C0BC004486B2}.Debug|x86.ActiveCfg = Debug|Win32
		{E700C3D9-57C8-48DB-8BE8-C0BC004486B2}.Debug|x86.Build.0 = Debug|Win32
		{E700C3D9-57C8-48DB-8BE8-C0BC004486B2}.Release|x64.ActiveCfg = Release|x64
		{E700C3D9-57C8-48DB-8BE8-C0BC004486B2}.Release|x64.Build.0 = Release|x64
		{E700C3D9-57C8-48DB-8BE8-C0BC004486B2}.Release|x86.ActiveCfg = Release|Win32
		{E700C3D9-57C8-48DB-8BE8-C0BC004486B2}.Release|x86.Build.0 = Release|Win32
	EndGlobalSection
	GlobalSection(SolutionProperties) = preSolution
		HideSolutionNode = FALSE
	EndGlobalSection
	GlobalSection(ExtensibilityGlobals) = postSolution
		SolutionGuid = {7DE1371D-33F7-4F5C-AAE2-CA8104C389A7}
	EndGlobalSection
EndGlobal
